{
  "version": 4,
  "terraform_version": "1.15.6",
  "serial": 4,
  "lineage": "f1accf2d-bc6b-32ec-70e9-c2ec557c83cc",
  "outputs": {
    "api_url": {
      "value": "https://analytics-api.simdoar.net",
      "type": "string"
    },
    "migration_function_name": {
      "value": "harvest-analytics-migration-production",
      "type": "string"
    },
    "web_bucket": {
      "value": "harvest-analytics-production-web",
      "type": "string"
    },
    "web_cert_validation_cname": {
      "value": {
        "name": "_692c9740b4294ff20c919beb9139d213.analytics.simdoar.net.",
        "type": "CNAME",
        "value": "_2c8108fa17e51f55544c56ef79670f55.jkddzztszm.acm-validations.aws."
      },
      "type": [
        "object",
        {
          "name": "string",
          "type": "string",
          "value": "string"
        }
      ]
    },
    "web_url": {
      "value": "https://analytics.simdoar.net",
      "type": "string"
    }
  },
  "resources": [
    {
      "module": "module.frontend[0]",
      "mode": "managed",
      "type": "aws_acm_certificate",
      "name": "web",
      "provider": "provider[\"registry.terraform.io/hashicorp/aws\"].us_east_1",
      "instances": [
        {
          "index_key": 0,
          "schema_version": 0,
          "attributes": {
            "arn": "arn:aws:acm:us-east-1:762233729349:certificate/359060ae-b5aa-4c22-819a-eae5772c2da7",
            "certificate_authority_arn": "",
            "certificate_body": null,
            "certificate_chain": null,
            "domain_name": "analytics.simdoar.net",
            "domain_validation_options": [
              {
                "domain_name": "analytics.simdoar.net",
                "resource_record_name": "_692c9740b4294ff20c919beb9139d213.analytics.simdoar.net.",
                "resource_record_type": "CNAME",
                "resource_record_value": "_2c8108fa17e51f55544c56ef79670f55.jkddzztszm.acm-validations.aws."
              }
            ],
            "early_renewal_duration": "",
            "id": "arn:aws:acm:us-east-1:762233729349:certificate/359060ae-b5aa-4c22-819a-eae5772c2da7",
            "key_algorithm": "RSA_2048",
            "not_after": "",
            "not_before": "",
            "options": [
              {
                "certificate_transparency_logging_preference": "ENABLED"
              }
            ],
            "pending_renewal": false,
            "private_key": null,
            "renewal_eligibility": "INELIGIBLE",
            "renewal_summary": [],
            "status": "PENDING_VALIDATION",
            "subject_alternative_names": [
              "analytics.simdoar.net"
            ],
            "tags": {
              "Service": "harvest-analytics",
              "Stage": "production"
            },
            "tags_all": {
              "Service": "harvest-analytics",
              "Stage": "production"
            },
            "type": "AMAZON_ISSUED",
            "validation_emails": [],
            "validation_method": "DNS",
            "validation_option": []
          },
          "sensitive_attributes": [
            [
              {
                "type": "get_attr",
                "value": "private_key"
              }
            ]
          ],
          "identity_schema_version": 0,
          "private": "bnVsbA==",
          "create_before_destroy": true
        }
      ]
    },
    {
      "module": "module.frontend[0]",
      "mode": "managed",
      "type": "aws_cloudfront_function",
      "name": "spa_router",
      "provider": "provider[\"registry.terraform.io/hashicorp/aws\"]",
      "instances": [
        {
          "schema_version": 0,
          "attributes": {
            "arn": "arn:aws:cloudfront::762233729349:function/harvest-analytics-production-spa-router",
            "code": "function handler(event) {\n  var request = event.request;\n  var uri = request.uri;\n  // Pass through requests with a file extension\n  if (uri.match(/\\.[a-zA-Z0-9]+$/)) {\n    return request;\n  }\n  // Rewrite all other paths to /index.html\n  request.uri = '/index.html';\n  return request;\n}\n",
            "comment": "Rewrite non-asset paths to /index.html for SPA routing",
            "etag": "ETVPDKIKX0DER",
            "id": "harvest-analytics-production-spa-router",
            "key_value_store_associations": [],
            "live_stage_etag": "ETVPDKIKX0DER",
            "name": "harvest-analytics-production-spa-router",
            "publish": true,
            "runtime": "cloudfront-js-2.0",
            "status": "UNASSOCIATED"
          },
          "sensitive_attributes": [],
          "identity_schema_version": 0,
          "private": "bnVsbA=="
        }
      ]
    },
    {
      "module": "module.frontend[0]",
      "mode": "managed",
      "type": "aws_cloudfront_origin_access_control",
      "name": "web",
      "provider": "provider[\"registry.terraform.io/hashicorp/aws\"]",
      "instances": [
        {
          "schema_version": 0,
          "attributes": {
            "arn": "arn:aws:cloudfront::762233729349:origin-access-control/E3TP4G0KL8TULO",
            "description": "OAC for harvest-analytics production web",
            "etag": "ETVPDKIKX0DER",
            "id": "E3TP4G0KL8TULO",
            "name": "harvest-analytics-production-oac",
            "origin_access_control_origin_type": "s3",
            "signing_behavior": "always",
            "signing_protocol": "sigv4"
          },
          "sensitive_attributes": [],
          "identity_schema_version": 0,
          "private": "bnVsbA=="
        }
      ]
    },
    {
      "module": "module.frontend[0]",
      "mode": "managed",
      "type": "aws_route53_record",
      "name": "cert_validation",
      "provider": "provider[\"registry.terraform.io/hashicorp/aws\"]",
      "instances": []
    },
    {
      "module": "module.frontend[0]",
      "mode": "managed",
      "type": "aws_s3_bucket",
      "name": "web",
      "provider": "provider[\"registry.terraform.io/hashicorp/aws\"]",
      "instances": [
        {
          "schema_version": 0,
          "attributes": {
            "acceleration_status": "",
            "acl": null,
            "arn": "arn:aws:s3:::harvest-analytics-production-web",
            "bucket": "harvest-analytics-production-web",
            "bucket_domain_name": "harvest-analytics-production-web.s3.amazonaws.com",
            "bucket_prefix": "",
            "bucket_regional_domain_name": "harvest-analytics-production-web.s3.ap-southeast-2.amazonaws.com",
            "cors_rule": [],
            "force_destroy": false,
            "grant": [
              {
                "id": "3cdc6c20389470990f552d2f7e7334e80fb1bc5f57d169b9d1352c1254c8d62c",
                "permissions": [
                  "FULL_CONTROL"
                ],
                "type": "CanonicalUser",
                "uri": ""
              }
            ],
            "hosted_zone_id": "Z1WCIGYICN2BYD",
            "id": "harvest-analytics-production-web",
            "lifecycle_rule": [],
            "logging": [],
            "object_lock_configuration": [],
            "object_lock_enabled": false,
            "policy": "",
            "region": "ap-southeast-2",
            "replication_configuration": [],
            "request_payer": "BucketOwner",
            "server_side_encryption_configuration": [
              {
                "rule": [
                  {
                    "apply_server_side_encryption_by_default": [
                      {
                        "kms_master_key_id": "",
                        "sse_algorithm": "AES256"
                      }
                    ],
                    "bucket_key_enabled": false
                  }
                ]
              }
            ],
            "tags": {
              "Service": "harvest-analytics",
              "Stage": "production"
            },
            "tags_all": {
              "Service": "harvest-analytics",
              "Stage": "production"
            },
            "timeouts": null,
            "versioning": [
              {
                "enabled": true,
                "mfa_delete": false
              }
            ],
            "website": [],
            "website_domain": null,
            "website_endpoint": null
          },
          "sensitive_attributes": [],
          "identity_schema_version": 0,
          "private": "eyJlMmJmYjczMC1lY2FhLTExZTYtOGY4OC0zNDM2M2JjN2M0YzAiOnsiY3JlYXRlIjoxMjAwMDAwMDAwMDAwLCJkZWxldGUiOjM2MDAwMDAwMDAwMDAsInJlYWQiOjEyMDAwMDAwMDAwMDAsInVwZGF0ZSI6MTIwMDAwMDAwMDAwMH19"
        }
      ]
    },
    {
      "module": "module.frontend[0]",
      "mode": "managed",
      "type": "aws_s3_bucket_public_access_block",
      "name": "web",
      "provider": "provider[\"registry.terraform.io/hashicorp/aws\"]",
      "instances": [
        {
          "schema_version": 0,
          "attributes": {
            "block_public_acls": true,
            "block_public_policy": true,
            "bucket": "harvest-analytics-production-web",
            "id": "harvest-analytics-production-web",
            "ignore_public_acls": true,
            "restrict_public_buckets": true
          },
          "sensitive_attributes": [],
          "identity_schema_version": 0,
          "private": "bnVsbA==",
          "dependencies": [
            "module.frontend.aws_s3_bucket.web"
          ]
        }
      ]
    },
    {
      "module": "module.frontend[0]",
      "mode": "managed",
      "type": "aws_s3_bucket_versioning",
      "name": "web",
      "provider": "provider[\"registry.terraform.io/hashicorp/aws\"]",
      "instances": [
        {
          "schema_version": 0,
          "attributes": {
            "bucket": "harvest-analytics-production-web",
            "expected_bucket_owner": "",
            "id": "harvest-analytics-production-web",
            "mfa": null,
            "versioning_configuration": [
              {
                "mfa_delete": "",
                "status": "Enabled"
              }
            ]
          },
          "sensitive_attributes": [],
          "identity_schema_version": 0,
          "private": "bnVsbA==",
          "dependencies": [
            "module.frontend.aws_s3_bucket.web"
          ]
        }
      ]
    },
    {
      "module": "module.networking",
      "mode": "data",
      "type": "aws_eip",
      "name": "nat",
      "provider": "provider[\"registry.terraform.io/hashicorp/aws\"]",
      "instances": [
        {
          "index_key": 0,
          "schema_version": 0,
          "attributes": {
            "arn": "arn:aws:ec2:ap-southeast-2:762233729349:elastic-ip/eipalloc-05d13f0ca0b805cd0",
            "association_id": "",
            "carrier_ip": "",
            "customer_owned_ip": "",
            "customer_owned_ipv4_pool": "",
            "domain": "vpc",
            "filter": null,
            "id": "eipalloc-05d13f0ca0b805cd0",
            "instance_id": "",
            "ipam_pool_id": null,
            "network_interface_id": "",
            "network_interface_owner_id": "",
            "private_dns": null,
            "private_ip": "",
            "ptr_record": "",
            "public_dns": "ec2-52-65-177-54.ap-southeast-2.compute.amazonaws.com",
            "public_ip": "52.65.177.54",
            "public_ipv4_pool": "amazon",
            "tags": {
              "Name": "Harvest-Shop-PublicIP"
            },
            "timeouts": null
          },
          "sensitive_attributes": [],
          "identity_schema_version": 0
        }
      ]
    },
    {
      "module": "module.networking",
      "mode": "data",
      "type": "aws_vpc",
      "name": "main",
      "provider": "provider[\"registry.terraform.io/hashicorp/aws\"]",
      "instances": [
        {
          "schema_version": 0,
          "attributes": {
            "arn": "arn:aws:ec2:ap-southeast-2:762233729349:vpc/vpc-0377aacc56a5ecd18",
            "cidr_block": "172.31.0.0/16",
            "cidr_block_associations": [
              {
                "association_id": "vpc-cidr-assoc-0b0ad6654e2523285",
                "cidr_block": "172.31.0.0/16",
                "state": "associated"
              }
            ],
            "default": true,
            "dhcp_options_id": "dopt-01e99e34e434156b7",
            "enable_dns_hostnames": true,
            "enable_dns_support": true,
            "enable_network_address_usage_metrics": false,
            "filter": null,
            "id": "vpc-0377aacc56a5ecd18",
            "instance_tenancy": "default",
            "ipv6_association_id": "",
            "ipv6_cidr_block": "",
            "main_route_table_id": "rtb-027d42f2324a3d4d4",
            "owner_id": "762233729349",
            "state": null,
            "tags": {},
            "timeouts": null
          },
          "sensitive_attributes": [],
          "identity_schema_version": 0
        }
      ]
    },
    {
      "module": "module.networking",
      "mode": "managed",
      "type": "aws_eip",
      "name": "nat",
      "provider": "provider[\"registry.terraform.io/hashicorp/aws\"]",
      "instances": []
    },
    {
      "module": "module.networking",
      "mode": "managed",
      "type": "aws_nat_gateway",
      "name": "main",
      "provider": "provider[\"registry.terraform.io/hashicorp/aws\"]",
      "instances": [
        {
          "schema_version": 0,
          "attributes": {
            "allocation_id": "eipalloc-05d13f0ca0b805cd0",
            "association_id": "eipassoc-02aebf8059b59436f",
            "connectivity_type": "public",
            "id": "nat-0d882b0cee6bb4b9b",
            "network_interface_id": "eni-07a1ca5978b0aaafd",
            "private_ip": "172.31.1.173",
            "public_ip": "52.65.177.54",
            "secondary_allocation_ids": null,
            "secondary_private_ip_address_count": 0,
            "secondary_private_ip_addresses": [],
            "subnet_id": "subnet-04a83ee804d50d8e1",
            "tags": {
              "Name": "harvest-analytics-production-nat",
              "Service": "harvest-analytics",
              "Stage": "production"
            },
            "tags_all": {
              "Name": "harvest-analytics-production-nat",
              "Service": "harvest-analytics",
              "Stage": "production"
            },
            "timeouts": null
          },
          "sensitive_attributes": [],
          "identity_schema_version": 0,
          "private": "eyJlMmJmYjczMC1lY2FhLTExZTYtOGY4OC0zNDM2M2JjN2M0YzAiOnsiY3JlYXRlIjo2MDAwMDAwMDAwMDAsImRlbGV0ZSI6MTgwMDAwMDAwMDAwMCwidXBkYXRlIjo2MDAwMDAwMDAwMDB9fQ==",
          "dependencies": [
            "module.networking.aws_eip.nat",
            "module.networking.data.aws_eip.nat"
          ],
          "create_before_destroy": true
        }
      ]
    },
    {
      "module": "module.networking",
      "mode": "managed",
      "type": "aws_route_table",
      "name": "private",
      "provider": "provider[\"registry.terraform.io/hashicorp/aws\"]",
      "instances": [
        {
          "schema_version": 0,
          "attributes": {
            "arn": "arn:aws:ec2:ap-southeast-2:762233729349:route-table/rtb-0849c448f719ab883",
            "id": "rtb-0849c448f719ab883",
            "owner_id": "762233729349",
            "propagating_vgws": [],
            "route": [
              {
                "carrier_gateway_id": "",
                "cidr_block": "0.0.0.0/0",
                "core_network_arn": "",
                "destination_prefix_list_id": "",
                "egress_only_gateway_id": "",
                "gateway_id": "",
                "ipv6_cidr_block": "",
                "local_gateway_id": "",
                "nat_gateway_id": "nat-0d882b0cee6bb4b9b",
                "network_interface_id": "",
                "transit_gateway_id": "",
                "vpc_endpoint_id": "",
                "vpc_peering_connection_id": ""
              }
            ],
            "tags": {
              "Name": "harvest-analytics-production-private-rt",
              "Service": "harvest-analytics",
              "Stage": "production"
            },
            "tags_all": {
              "Name": "harvest-analytics-production-private-rt",
              "Service": "harvest-analytics",
              "Stage": "production"
            },
            "timeouts": null,
            "vpc_id": "vpc-0377aacc56a5ecd18"
          },
          "sensitive_attributes": [],
          "identity_schema_version": 0,
          "private": "eyJlMmJmYjczMC1lY2FhLTExZTYtOGY4OC0zNDM2M2JjN2M0YzAiOnsiY3JlYXRlIjozMDAwMDAwMDAwMDAsImRlbGV0ZSI6MzAwMDAwMDAwMDAwLCJ1cGRhdGUiOjEyMDAwMDAwMDAwMH19",
          "dependencies": [
            "module.networking.aws_eip.nat",
            "module.networking.aws_nat_gateway.main",
            "module.networking.data.aws_eip.nat",
            "module.networking.data.aws_vpc.main"
          ],
          "create_before_destroy": true
        }
      ]
    },
    {
      "module": "module.networking",
      "mode": "managed",
      "type": "aws_route_table_association",
      "name": "private_a",
      "provider": "provider[\"registry.terraform.io/hashicorp/aws\"]",
      "instances": [
        {
          "schema_version": 0,
          "attributes": {
            "gateway_id": "",
            "id": "rtbassoc-0c8fa1ac774bada90",
            "route_table_id": "rtb-0849c448f719ab883",
            "subnet_id": "subnet-0cf1c3d22ca06b923",
            "timeouts": null
          },
          "sensitive_attributes": [],
          "identity_schema_version": 0,
          "private": "eyJlMmJmYjczMC1lY2FhLTExZTYtOGY4OC0zNDM2M2JjN2M0YzAiOnsiY3JlYXRlIjozMDAwMDAwMDAwMDAsImRlbGV0ZSI6MzAwMDAwMDAwMDAwLCJ1cGRhdGUiOjEyMDAwMDAwMDAwMH19",
          "dependencies": [
            "module.networking.aws_eip.nat",
            "module.networking.aws_nat_gateway.main",
            "module.networking.aws_route_table.private",
            "module.networking.aws_subnet.private_a",
            "module.networking.data.aws_eip.nat",
            "module.networking.data.aws_vpc.main"
          ],
          "create_before_destroy": true
        }
      ]
    },
    {
      "module": "module.networking",
      "mode": "managed",
      "type": "aws_route_table_association",
      "name": "private_b",
      "provider": "provider[\"registry.terraform.io/hashicorp/aws\"]",
      "instances": [
        {
          "schema_version": 0,
          "attributes": {
            "gateway_id": "",
            "id": "rtbassoc-0cd55b09ef33c1bc6",
            "route_table_id": "rtb-0849c448f719ab883",
            "subnet_id": "subnet-009441660dc1402fc",
            "timeouts": null
          },
          "sensitive_attributes": [],
          "identity_schema_version": 0,
          "private": "eyJlMmJmYjczMC1lY2FhLTExZTYtOGY4OC0zNDM2M2JjN2M0YzAiOnsiY3JlYXRlIjozMDAwMDAwMDAwMDAsImRlbGV0ZSI6MzAwMDAwMDAwMDAwLCJ1cGRhdGUiOjEyMDAwMDAwMDAwMH19",
          "dependencies": [
            "module.networking.aws_eip.nat",
            "module.networking.aws_nat_gateway.main",
            "module.networking.aws_route_table.private",
            "module.networking.aws_subnet.private_b",
            "module.networking.data.aws_eip.nat",
            "module.networking.data.aws_vpc.main"
          ],
          "create_before_destroy": true
        }
      ]
    },
    {
      "module": "module.networking",
      "mode": "managed",
      "type": "aws_security_group",
      "name": "analytics_lambda",
      "provider": "provider[\"registry.terraform.io/hashicorp/aws\"]",
      "instances": [
        {
          "schema_version": 1,
          "attributes": {
            "arn": "arn:aws:ec2:ap-southeast-2:762233729349:security-group/sg-0f7514c5efbad73aa",
            "description": "Analytics Lambda functions - controls egress to RDS and internet",
            "egress": [
              {
                "cidr_blocks": [
                  "0.0.0.0/0"
                ],
                "description": "HTTPS to internet",
                "from_port": 443,
                "ipv6_cidr_blocks": [],
                "prefix_list_ids": [],
                "protocol": "tcp",
                "security_groups": [],
                "self": false,
                "to_port": 443
              },
              {
                "cidr_blocks": [
                  "172.31.0.0/16"
                ],
                "description": "PostgreSQL within VPC",
                "from_port": 5432,
                "ipv6_cidr_blocks": [],
                "prefix_list_ids": [],
                "protocol": "tcp",
                "security_groups": [],
                "self": false,
                "to_port": 5432
              }
            ],
            "id": "sg-0f7514c5efbad73aa",
            "ingress": [],
            "name": "harvest-analytics-production-lambda-sg",
            "name_prefix": "",
            "owner_id": "762233729349",
            "revoke_rules_on_delete": false,
            "tags": {
              "Name": "harvest-analytics-production-lambda-sg",
              "Service": "harvest-analytics",
              "Stage": "production"
            },
            "tags_all": {
              "Name": "harvest-analytics-production-lambda-sg",
              "Service": "harvest-analytics",
              "Stage": "production"
            },
            "timeouts": null,
            "vpc_id": "vpc-0377aacc56a5ecd18"
          },
          "sensitive_attributes": [],
          "identity_schema_version": 0,
          "private": "eyJlMmJmYjczMC1lY2FhLTExZTYtOGY4OC0zNDM2M2JjN2M0YzAiOnsiY3JlYXRlIjo2MDAwMDAwMDAwMDAsImRlbGV0ZSI6OTAwMDAwMDAwMDAwfSwic2NoZW1hX3ZlcnNpb24iOiIxIn0=",
          "dependencies": [
            "module.networking.data.aws_vpc.main"
          ],
          "create_before_destroy": true
        }
      ]
    },
    {
      "module": "module.networking",
      "mode": "managed",
      "type": "aws_subnet",
      "name": "private_a",
      "provider": "provider[\"registry.terraform.io/hashicorp/aws\"]",
      "instances": [
        {
          "schema_version": 1,
          "attributes": {
            "arn": "arn:aws:ec2:ap-southeast-2:762233729349:subnet/subnet-0cf1c3d22ca06b923",
            "assign_ipv6_address_on_creation": false,
            "availability_zone": "ap-southeast-2a",
            "availability_zone_id": "apse2-az1",
            "cidr_block": "172.31.48.0/24",
            "customer_owned_ipv4_pool": "",
            "enable_dns64": false,
            "enable_lni_at_device_index": 0,
            "enable_resource_name_dns_a_record_on_launch": false,
            "enable_resource_name_dns_aaaa_record_on_launch": false,
            "id": "subnet-0cf1c3d22ca06b923",
            "ipv6_cidr_block": "",
            "ipv6_cidr_block_association_id": "",
            "ipv6_native": false,
            "map_customer_owned_ip_on_launch": false,
            "map_public_ip_on_launch": false,
            "outpost_arn": "",
            "owner_id": "762233729349",
            "private_dns_hostname_type_on_launch": "ip-name",
            "tags": {
              "Name": "harvest-analytics-production-private-a",
              "Service": "harvest-analytics",
              "Stage": "production"
            },
            "tags_all": {
              "Name": "harvest-analytics-production-private-a",
              "Service": "harvest-analytics",
              "Stage": "production"
            },
            "timeouts": null,
            "vpc_id": "vpc-0377aacc56a5ecd18"
          },
          "sensitive_attributes": [],
          "identity_schema_version": 0,
          "private": "eyJlMmJmYjczMC1lY2FhLTExZTYtOGY4OC0zNDM2M2JjN2M0YzAiOnsiY3JlYXRlIjo2MDAwMDAwMDAwMDAsImRlbGV0ZSI6MTIwMDAwMDAwMDAwMH0sInNjaGVtYV92ZXJzaW9uIjoiMSJ9",
          "dependencies": [
            "module.networking.data.aws_vpc.main"
          ],
          "create_before_destroy": true
        }
      ]
    },
    {
      "module": "module.networking",
      "mode": "managed",
      "type": "aws_subnet",
      "name": "private_b",
      "provider": "provider[\"registry.terraform.io/hashicorp/aws\"]",
      "instances": [
        {
          "schema_version": 1,
          "attributes": {
            "arn": "arn:aws:ec2:ap-southeast-2:762233729349:subnet/subnet-009441660dc1402fc",
            "assign_ipv6_address_on_creation": false,
            "availability_zone": "ap-southeast-2b",
            "availability_zone_id": "apse2-az3",
            "cidr_block": "172.31.49.0/24",
            "customer_owned_ipv4_pool": "",
            "enable_dns64": false,
            "enable_lni_at_device_index": 0,
            "enable_resource_name_dns_a_record_on_launch": false,
            "enable_resource_name_dns_aaaa_record_on_launch": false,
            "id": "subnet-009441660dc1402fc",
            "ipv6_cidr_block": "",
            "ipv6_cidr_block_association_id": "",
            "ipv6_native": false,
            "map_customer_owned_ip_on_launch": false,
            "map_public_ip_on_launch": false,
            "outpost_arn": "",
            "owner_id": "762233729349",
            "private_dns_hostname_type_on_launch": "ip-name",
            "tags": {
              "Name": "harvest-analytics-production-private-b",
              "Service": "harvest-analytics",
              "Stage": "production"
            },
            "tags_all": {
              "Name": "harvest-analytics-production-private-b",
              "Service": "harvest-analytics",
              "Stage": "production"
            },
            "timeouts": null,
            "vpc_id": "vpc-0377aacc56a5ecd18"
          },
          "sensitive_attributes": [],
          "identity_schema_version": 0,
          "private": "eyJlMmJmYjczMC1lY2FhLTExZTYtOGY4OC0zNDM2M2JjN2M0YzAiOnsiY3JlYXRlIjo2MDAwMDAwMDAwMDAsImRlbGV0ZSI6MTIwMDAwMDAwMDAwMH0sInNjaGVtYV92ZXJzaW9uIjoiMSJ9",
          "dependencies": [
            "module.networking.data.aws_vpc.main"
          ],
          "create_before_destroy": true
        }
      ]
    }
  ],
  "check_results": null
}
